
Microsoft Visual Studio Solution File, Format Version 12.00
# Visual Studio 15
VisualStudioVersion = 15.0.28307.645
MinimumVisualStudioVersion = 10.0.40219.1
Project("{2150E333-8FDC-42A3-9474-1A3956D46DE8}") = "Framework", "Framework", "{CE16FF1E-2A61-46E4-9C39-BE22937BBDB4}"
EndProject
Project("{FAE04EC0-301F-11D3-BF4B-00C04F79EFBC}") = "ZB.Framework.Utility", "ZB.Framework.Utility\ZB.Framework.Utility.csproj", "{4BCFBF52-ECF2-4895-8716-2BF8B68651E2}"
EndProject
Project("{FAE04EC0-301F-11D3-BF4B-00C04F79EFBC}") = "ZB.Framework.Office", "ZB.Framework.Office\ZB.Framework.Office.csproj", "{71CCD491-50F9-4F0A-BF8D-E9DDF72382A7}"
EndProject
Project("{FAE04EC0-301F-11D3-BF4B-00C04F79EFBC}") = "HD.Helper.Common", "Helper-master\Src\HD.Helper.Common\HD.Helper.Common.csproj", "{ED5A8CC8-3896-4538-BA09-9197B869FA18}"
EndProject
Project("{FAE04EC0-301F-11D3-BF4B-00C04F79EFBC}") = "HD.Helper.DBHelper", "Helper-master\Src\HD.Helper.DBHelper\HD.Helper.DBHelper.csproj", "{F7FF9616-850B-4B6C-A47E-7F9F3ABF30D7}"
EndProject
Project("{FAE04EC0-301F-11D3-BF4B-00C04F79EFBC}") = "HD.Helper.WebHelper", "Helper-master\Src\HD.Helper.WebHelper\HD.Helper.WebHelper.csproj", "{CEAD4389-C606-4B2F-88AC-6FA072CEF4FB}"
EndProject
Project("{2150E333-8FDC-42A3-9474-1A3956D46DE8}") = "Doc", "Doc", "{87A0584F-1F3D-449C-ACE7-0375FF8681E3}"
	ProjectSection(SolutionItems) = preProject
		..\..\..\Users\Administrator\Desktop\文档.docx = ..\..\..\Users\Administrator\Desktop\文档.docx
	EndProjectSection
EndProject
Project("{2150E333-8FDC-42A3-9474-1A3956D46DE8}") = "Tools", "Tools", "{6AA1E49B-797E-437B-A91D-64687DAC8FFE}"
EndProject
Project("{2150E333-8FDC-42A3-9474-1A3956D46DE8}") = "App", "App", "{62B6815D-69F0-44A9-8B10-C394EBE88DEF}"
EndProject
Project("{2150E333-8FDC-42A3-9474-1A3956D46DE8}") = "UI", "UI", "{0A74157F-6D95-4F9D-8426-D0304EF86532}"
EndProject
Project("{2150E333-8FDC-42A3-9474-1A3956D46DE8}") = "Database", "Database", "{EBA45E99-BF8A-4154-9F23-3D6561E3300E}"
EndProject
Project("{2150E333-8FDC-42A3-9474-1A3956D46DE8}") = "Utility", "Utility", "{F1F1A96D-930D-435F-9D8C-BF548BCF6D19}"
EndProject
Project("{2150E333-8FDC-42A3-9474-1A3956D46DE8}") = "Business", "Business", "{7FDDCF68-305D-4197-9C24-F642E3CFE5F7}"
EndProject
Project("{FAE04EC0-301F-11D3-BF4B-00C04F79EFBC}") = "ZB.Framework.DataAccess", "ZB.Framework.DataAccess\ZB.Framework.DataAccess.csproj", "{8109750C-9941-4D7F-B274-972B396613E2}"
EndProject
Project("{FAE04EC0-301F-11D3-BF4B-00C04F79EFBC}") = "ZB.Framework.ObjectMapping", "ZB.Framework.ObjectMapping\ZB.Framework.ObjectMapping.csproj", "{25621F8F-DA2D-457D-AAE2-8523630C8152}"
EndProject
Project("{FAE04EC0-301F-11D3-BF4B-00C04F79EFBC}") = "ZB.AppShell.Addin", "ZB.AppShell.Addin\ZB.AppShell.Addin.csproj", "{B3276DEC-FC00-472D-B346-6531FD62A643}"
EndProject
Project("{FAE04EC0-301F-11D3-BF4B-00C04F79EFBC}") = "ZB.Framework.Business", "ZB.Framework.Business\ZB.Framework.Business.csproj", "{8FCF96D5-CAB8-42D4-BBED-AF9CD1093F86}"
EndProject
Project("{2150E333-8FDC-42A3-9474-1A3956D46DE8}") = "Test", "Test", "{FE90790A-FCBB-41C6-8636-9AAA9F228481}"
EndProject
Project("{FAE04EC0-301F-11D3-BF4B-00C04F79EFBC}") = "ZB.App.Web", "ZB.App.Web\ZB.App.Web.csproj", "{1040CD5D-847D-430D-860D-57D8EE5A70E2}"
EndProject
Project("{FAE04EC0-301F-11D3-BF4B-00C04F79EFBC}") = "ZB.App.Web.Tests", "ZB.App.Web.Tests\ZB.App.Web.Tests.csproj", "{D7463B97-AA85-4CAC-9E83-86A6916ED2A4}"
EndProject
Project("{FAE04EC0-301F-11D3-BF4B-00C04F79EFBC}") = "ZB.Tools.DbBuilder", "ZB.Tools.DbBuilder\ZB.Tools.DbBuilder.csproj", "{F198F1D6-D53A-46FB-907B-DCF1F37FB342}"
EndProject
Project("{FAE04EC0-301F-11D3-BF4B-00C04F79EFBC}") = "ZB.Tools.TableMaker", "ZB.Tools.TableMaker\ZB.Tools.TableMaker.csproj", "{66C0B7A4-5EC2-481F-9C35-1C6C1CA43E87}"
EndProject
Project("{FAE04EC0-301F-11D3-BF4B-00C04F79EFBC}") = "ZB.App.Console", "ZB.App.Console\ZB.App.Console.csproj", "{C7382BB5-952B-4AB2-AE77-76AE00872B32}"
EndProject
Project("{FAE04EC0-301F-11D3-BF4B-00C04F79EFBC}") = "HD.Helper.CommonTests", "Helper-master\Src\HD.Helper.CommonTests\HD.Helper.CommonTests.csproj", "{E823C1D2-1737-4A3A-BC34-E79C1F46F847}"
EndProject
Project("{2150E333-8FDC-42A3-9474-1A3956D46DE8}") = "Business", "Business", "{9E51A7BA-5031-4175-9F63-FB877933639E}"
EndProject
Project("{FAE04EC0-301F-11D3-BF4B-00C04F79EFBC}") = "ZB.Common.IDAL", "ZB.Business.IDAL\ZB.Common.IDAL.csproj", "{F9CF20BB-FF6E-4378-90BA-3B7598276F91}"
EndProject
Project("{FAE04EC0-301F-11D3-BF4B-00C04F79EFBC}") = "ZB.Common.DAL", "ZB.Business.DAL\ZB.Common.DAL.csproj", "{E75457AB-22E9-43A5-902D-7CAE14EAE323}"
EndProject
Project("{FAE04EC0-301F-11D3-BF4B-00C04F79EFBC}") = "ZB.Common.Data", "ZB.Common.Data\ZB.Common.Data.csproj", "{1520A983-11CB-4469-9360-F05A19C0FB99}"
EndProject
Project("{FAE04EC0-301F-11D3-BF4B-00C04F79EFBC}") = "ZB.Business.DALBase", "ZB.Business.DALBase\ZB.Business.DALBase.csproj", "{13CEA70D-5A0A-4002-8A8A-5803EBB43423}"
EndProject
Project("{FAE04EC0-301F-11D3-BF4B-00C04F79EFBC}") = "ZB.Business.IDALBase", "ZB.Business.IDALBase\ZB.Business.IDALBase.csproj", "{9370B14C-4982-46EC-AD7C-75669F5C8049}"
EndProject
Project("{2150E333-8FDC-42A3-9474-1A3956D46DE8}") = "Common", "Common", "{EA6218FF-CEC5-46AB-8DF1-2AA55CDD7CF0}"
EndProject
Project("{2150E333-8FDC-42A3-9474-1A3956D46DE8}") = "Exam", "Exam", "{76DE5D6C-A13C-4332-A4E1-7B4BCFFCD8D1}"
EndProject
Project("{FAE04EC0-301F-11D3-BF4B-00C04F79EFBC}") = "ZB.Exam.DAL", "ZB.Exam.DAL\ZB.Exam.DAL.csproj", "{983CB525-5FA2-47DC-991D-824257926202}"
EndProject
Project("{FAE04EC0-301F-11D3-BF4B-00C04F79EFBC}") = "ZB.Exam.Data", "ZB.Exam.Data\ZB.Exam.Data.csproj", "{8A0E67E2-0E20-4A9E-9070-F14C5712C221}"
EndProject
Project("{FAE04EC0-301F-11D3-BF4B-00C04F79EFBC}") = "ZB.Exam.IDAL", "ZB.Exam.IDAL\ZB.Exam.IDAL.csproj", "{6EA411AD-DBCD-43C5-A43E-EB8CE27C6B21}"
EndProject
Project("{FAE04EC0-301F-11D3-BF4B-00C04F79EFBC}") = "ZB.Tools.T4", "ZB.Tools.T4\ZB.Tools.T4.csproj", "{7AAF6C68-F1C9-4ABA-9FE9-42A7DC655CBF}"
EndProject
Global
	GlobalSection(SolutionConfigurationPlatforms) = preSolution
		Debug|Any CPU = Debug|Any CPU
		Release|Any CPU = Release|Any CPU
	EndGlobalSection
	GlobalSection(ProjectConfigurationPlatforms) = postSolution
		{4BCFBF52-ECF2-4895-8716-2BF8B68651E2}.Debug|Any CPU.ActiveCfg = Debug|Any CPU
		{4BCFBF52-ECF2-4895-8716-2BF8B68651E2}.Debug|Any CPU.Build.0 = Debug|Any CPU
		{4BCFBF52-ECF2-4895-8716-2BF8B68651E2}.Release|Any CPU.ActiveCfg = Release|Any CPU
		{4BCFBF52-ECF2-4895-8716-2BF8B68651E2}.Release|Any CPU.Build.0 = Release|Any CPU
		{71CCD491-50F9-4F0A-BF8D-E9DDF72382A7}.Debug|Any CPU.ActiveCfg = Debug|Any CPU
		{71CCD491-50F9-4F0A-BF8D-E9DDF72382A7}.Debug|Any CPU.Build.0 = Debug|Any CPU
		{71CCD491-50F9-4F0A-BF8D-E9DDF72382A7}.Release|Any CPU.ActiveCfg = Release|Any CPU
		{71CCD491-50F9-4F0A-BF8D-E9DDF72382A7}.Release|Any CPU.Build.0 = Release|Any CPU
		{ED5A8CC8-3896-4538-BA09-9197B869FA18}.Debug|Any CPU.ActiveCfg = Debug|Any CPU
		{ED5A8CC8-3896-4538-BA09-9197B869FA18}.Debug|Any CPU.Build.0 = Debug|Any CPU
		{ED5A8CC8-3896-4538-BA09-9197B869FA18}.Release|Any CPU.ActiveCfg = Release|Any CPU
		{ED5A8CC8-3896-4538-BA09-9197B869FA18}.Release|Any CPU.Build.0 = Release|Any CPU
		{F7FF9616-850B-4B6C-A47E-7F9F3ABF30D7}.Debug|Any CPU.ActiveCfg = Debug|Any CPU
		{F7FF9616-850B-4B6C-A47E-7F9F3ABF30D7}.Debug|Any CPU.Build.0 = Debug|Any CPU
		{F7FF9616-850B-4B6C-A47E-7F9F3ABF30D7}.Release|Any CPU.ActiveCfg = Release|Any CPU
		{F7FF9616-850B-4B6C-A47E-7F9F3ABF30D7}.Release|Any CPU.Build.0 = Release|Any CPU
		{CEAD4389-C606-4B2F-88AC-6FA072CEF4FB}.Debug|Any CPU.ActiveCfg = Debug|Any CPU
		{CEAD4389-C606-4B2F-88AC-6FA072CEF4FB}.Debug|Any CPU.Build.0 = Debug|Any CPU
		{CEAD4389-C606-4B2F-88AC-6FA072CEF4FB}.Release|Any CPU.ActiveCfg = Release|Any CPU
		{CEAD4389-C606-4B2F-88AC-6FA072CEF4FB}.Release|Any CPU.Build.0 = Release|Any CPU
		{8109750C-9941-4D7F-B274-972B396613E2}.Debug|Any CPU.ActiveCfg = Debug|Any CPU
		{8109750C-9941-4D7F-B274-972B396613E2}.Debug|Any CPU.Build.0 = Debug|Any CPU
		{8109750C-9941-4D7F-B274-972B396613E2}.Release|Any CPU.ActiveCfg = Release|Any CPU
		{8109750C-9941-4D7F-B274-972B396613E2}.Release|Any CPU.Build.0 = Release|Any CPU
		{25621F8F-DA2D-457D-AAE2-8523630C8152}.Debug|Any CPU.ActiveCfg = Debug|Any CPU
		{25621F8F-DA2D-457D-AAE2-8523630C8152}.Debug|Any CPU.Build.0 = Debug|Any CPU
		{25621F8F-DA2D-457D-AAE2-8523630C8152}.Release|Any CPU.ActiveCfg = Release|Any CPU
		{25621F8F-DA2D-457D-AAE2-8523630C8152}.Release|Any CPU.Build.0 = Release|Any CPU
		{B3276DEC-FC00-472D-B346-6531FD62A643}.Debug|Any CPU.ActiveCfg = Debug|Any CPU
		{B3276DEC-FC00-472D-B346-6531FD62A643}.Debug|Any CPU.Build.0 = Debug|Any CPU
		{B3276DEC-FC00-472D-B346-6531FD62A643}.Release|Any CPU.ActiveCfg = Release|Any CPU
		{B3276DEC-FC00-472D-B346-6531FD62A643}.Release|Any CPU.Build.0 = Release|Any CPU
		{8FCF96D5-CAB8-42D4-BBED-AF9CD1093F86}.Debug|Any CPU.ActiveCfg = Debug|Any CPU
		{8FCF96D5-CAB8-42D4-BBED-AF9CD1093F86}.Debug|Any CPU.Build.0 = Debug|Any CPU
		{8FCF96D5-CAB8-42D4-BBED-AF9CD1093F86}.Release|Any CPU.ActiveCfg = Release|Any CPU
		{8FCF96D5-CAB8-42D4-BBED-AF9CD1093F86}.Release|Any CPU.Build.0 = Release|Any CPU
		{1040CD5D-847D-430D-860D-57D8EE5A70E2}.Debug|Any CPU.ActiveCfg = Debug|Any CPU
		{1040CD5D-847D-430D-860D-57D8EE5A70E2}.Debug|Any CPU.Build.0 = Debug|Any CPU
		{1040CD5D-847D-430D-860D-57D8EE5A70E2}.Release|Any CPU.ActiveCfg = Release|Any CPU
		{1040CD5D-847D-430D-860D-57D8EE5A70E2}.Release|Any CPU.Build.0 = Release|Any CPU
		{D7463B97-AA85-4CAC-9E83-86A6916ED2A4}.Debug|Any CPU.ActiveCfg = Debug|Any CPU
		{D7463B97-AA85-4CAC-9E83-86A6916ED2A4}.Debug|Any CPU.Build.0 = Debug|Any CPU
		{D7463B97-AA85-4CAC-9E83-86A6916ED2A4}.Release|Any CPU.ActiveCfg = Release|Any CPU
		{D7463B97-AA85-4CAC-9E83-86A6916ED2A4}.Release|Any CPU.Build.0 = Release|Any CPU
		{F198F1D6-D53A-46FB-907B-DCF1F37FB342}.Debug|Any CPU.ActiveCfg = Debug|Any CPU
		{F198F1D6-D53A-46FB-907B-DCF1F37FB342}.Debug|Any CPU.Build.0 = Debug|Any CPU
		{F198F1D6-D53A-46FB-907B-DCF1F37FB342}.Release|Any CPU.ActiveCfg = Release|Any CPU
		{F198F1D6-D53A-46FB-907B-DCF1F37FB342}.Release|Any CPU.Build.0 = Release|Any CPU
		{66C0B7A4-5EC2-481F-9C35-1C6C1CA43E87}.Debug|Any CPU.ActiveCfg = Debug|Any CPU
		{66C0B7A4-5EC2-481F-9C35-1C6C1CA43E87}.Debug|Any CPU.Build.0 = Debug|Any CPU
		{66C0B7A4-5EC2-481F-9C35-1C6C1CA43E87}.Release|Any CPU.ActiveCfg = Release|Any CPU
		{66C0B7A4-5EC2-481F-9C35-1C6C1CA43E87}.Release|Any CPU.Build.0 = Release|Any CPU
		{C7382BB5-952B-4AB2-AE77-76AE00872B32}.Debug|Any CPU.ActiveCfg = Debug|Any CPU
		{C7382BB5-952B-4AB2-AE77-76AE00872B32}.Debug|Any CPU.Build.0 = Debug|Any CPU
		{C7382BB5-952B-4AB2-AE77-76AE00872B32}.Release|Any CPU.ActiveCfg = Release|Any CPU
		{C7382BB5-952B-4AB2-AE77-76AE00872B32}.Release|Any CPU.Build.0 = Release|Any CPU
		{E823C1D2-1737-4A3A-BC34-E79C1F46F847}.Debug|Any CPU.ActiveCfg = Debug|Any CPU
		{E823C1D2-1737-4A3A-BC34-E79C1F46F847}.Debug|Any CPU.Build.0 = Debug|Any CPU
		{E823C1D2-1737-4A3A-BC34-E79C1F46F847}.Release|Any CPU.ActiveCfg = Release|Any CPU
		{E823C1D2-1737-4A3A-BC34-E79C1F46F847}.Release|Any CPU.Build.0 = Release|Any CPU
		{F9CF20BB-FF6E-4378-90BA-3B7598276F91}.Debug|Any CPU.ActiveCfg = Debug|Any CPU
		{F9CF20BB-FF6E-4378-90BA-3B7598276F91}.Debug|Any CPU.Build.0 = Debug|Any CPU
		{F9CF20BB-FF6E-4378-90BA-3B7598276F91}.Release|Any CPU.ActiveCfg = Release|Any CPU
		{F9CF20BB-FF6E-4378-90BA-3B7598276F91}.Release|Any CPU.Build.0 = Release|Any CPU
		{E75457AB-22E9-43A5-902D-7CAE14EAE323}.Debug|Any CPU.ActiveCfg = Debug|Any CPU
		{E75457AB-22E9-43A5-902D-7CAE14EAE323}.Debug|Any CPU.Build.0 = Debug|Any CPU
		{E75457AB-22E9-43A5-902D-7CAE14EAE323}.Release|Any CPU.ActiveCfg = Release|Any CPU
		{E75457AB-22E9-43A5-902D-7CAE14EAE323}.Release|Any CPU.Build.0 = Release|Any CPU
		{1520A983-11CB-4469-9360-F05A19C0FB99}.Debug|Any CPU.ActiveCfg = Debug|Any CPU
		{1520A983-11CB-4469-9360-F05A19C0FB99}.Debug|Any CPU.Build.0 = Debug|Any CPU
		{1520A983-11CB-4469-9360-F05A19C0FB99}.Release|Any CPU.ActiveCfg = Release|Any CPU
		{1520A983-11CB-4469-9360-F05A19C0FB99}.Release|Any CPU.Build.0 = Release|Any CPU
		{13CEA70D-5A0A-4002-8A8A-5803EBB43423}.Debug|Any CPU.ActiveCfg = Debug|Any CPU
		{13CEA70D-5A0A-4002-8A8A-5803EBB43423}.Debug|Any CPU.Build.0 = Debug|Any CPU
		{13CEA70D-5A0A-4002-8A8A-5803EBB43423}.Release|Any CPU.ActiveCfg = Release|Any CPU
		{13CEA70D-5A0A-4002-8A8A-5803EBB43423}.Release|Any CPU.Build.0 = Release|Any CPU
		{9370B14C-4982-46EC-AD7C-75669F5C8049}.Debug|Any CPU.ActiveCfg = Debug|Any CPU
		{9370B14C-4982-46EC-AD7C-75669F5C8049}.Debug|Any CPU.Build.0 = Debug|Any CPU
		{9370B14C-4982-46EC-AD7C-75669F5C8049}.Release|Any CPU.ActiveCfg = Release|Any CPU
		{9370B14C-4982-46EC-AD7C-75669F5C8049}.Release|Any CPU.Build.0 = Release|Any CPU
		{983CB525-5FA2-47DC-991D-824257926202}.Debug|Any CPU.ActiveCfg = Debug|Any CPU
		{983CB525-5FA2-47DC-991D-824257926202}.Debug|Any CPU.Build.0 = Debug|Any CPU
		{983CB525-5FA2-47DC-991D-824257926202}.Release|Any CPU.ActiveCfg = Release|Any CPU
		{983CB525-5FA2-47DC-991D-824257926202}.Release|Any CPU.Build.0 = Release|Any CPU
		{8A0E67E2-0E20-4A9E-9070-F14C5712C221}.Debug|Any CPU.ActiveCfg = Debug|Any CPU
		{8A0E67E2-0E20-4A9E-9070-F14C5712C221}.Debug|Any CPU.Build.0 = Debug|Any CPU
		{8A0E67E2-0E20-4A9E-9070-F14C5712C221}.Release|Any CPU.ActiveCfg = Release|Any CPU
		{8A0E67E2-0E20-4A9E-9070-F14C5712C221}.Release|Any CPU.Build.0 = Release|Any CPU
		{6EA411AD-DBCD-43C5-A43E-EB8CE27C6B21}.Debug|Any CPU.ActiveCfg = Debug|Any CPU
		{6EA411AD-DBCD-43C5-A43E-EB8CE27C6B21}.Debug|Any CPU.Build.0 = Debug|Any CPU
		{6EA411AD-DBCD-43C5-A43E-EB8CE27C6B21}.Release|Any CPU.ActiveCfg = Release|Any CPU
		{6EA411AD-DBCD-43C5-A43E-EB8CE27C6B21}.Release|Any CPU.Build.0 = Release|Any CPU
		{7AAF6C68-F1C9-4ABA-9FE9-42A7DC655CBF}.Debug|Any CPU.ActiveCfg = Debug|Any CPU
		{7AAF6C68-F1C9-4ABA-9FE9-42A7DC655CBF}.Debug|Any CPU.Build.0 = Debug|Any CPU
		{7AAF6C68-F1C9-4ABA-9FE9-42A7DC655CBF}.Release|Any CPU.ActiveCfg = Release|Any CPU
		{7AAF6C68-F1C9-4ABA-9FE9-42A7DC655CBF}.Release|Any CPU.Build.0 = Release|Any CPU
	EndGlobalSection
	GlobalSection(SolutionProperties) = preSolution
		HideSolutionNode = FALSE
	EndGlobalSection
	GlobalSection(NestedProjects) = preSolution
		{4BCFBF52-ECF2-4895-8716-2BF8B68651E2} = {F1F1A96D-930D-435F-9D8C-BF548BCF6D19}
		{71CCD491-50F9-4F0A-BF8D-E9DDF72382A7} = {F1F1A96D-930D-435F-9D8C-BF548BCF6D19}
		{ED5A8CC8-3896-4538-BA09-9197B869FA18} = {F1F1A96D-930D-435F-9D8C-BF548BCF6D19}
		{F7FF9616-850B-4B6C-A47E-7F9F3ABF30D7} = {F1F1A96D-930D-435F-9D8C-BF548BCF6D19}
		{CEAD4389-C606-4B2F-88AC-6FA072CEF4FB} = {F1F1A96D-930D-435F-9D8C-BF548BCF6D19}
		{0A74157F-6D95-4F9D-8426-D0304EF86532} = {CE16FF1E-2A61-46E4-9C39-BE22937BBDB4}
		{EBA45E99-BF8A-4154-9F23-3D6561E3300E} = {CE16FF1E-2A61-46E4-9C39-BE22937BBDB4}
		{F1F1A96D-930D-435F-9D8C-BF548BCF6D19} = {CE16FF1E-2A61-46E4-9C39-BE22937BBDB4}
		{7FDDCF68-305D-4197-9C24-F642E3CFE5F7} = {CE16FF1E-2A61-46E4-9C39-BE22937BBDB4}
		{8109750C-9941-4D7F-B274-972B396613E2} = {EBA45E99-BF8A-4154-9F23-3D6561E3300E}
		{25621F8F-DA2D-457D-AAE2-8523630C8152} = {EBA45E99-BF8A-4154-9F23-3D6561E3300E}
		{B3276DEC-FC00-472D-B346-6531FD62A643} = {62B6815D-69F0-44A9-8B10-C394EBE88DEF}
		{8FCF96D5-CAB8-42D4-BBED-AF9CD1093F86} = {7FDDCF68-305D-4197-9C24-F642E3CFE5F7}
		{1040CD5D-847D-430D-860D-57D8EE5A70E2} = {62B6815D-69F0-44A9-8B10-C394EBE88DEF}
		{D7463B97-AA85-4CAC-9E83-86A6916ED2A4} = {FE90790A-FCBB-41C6-8636-9AAA9F228481}
		{F198F1D6-D53A-46FB-907B-DCF1F37FB342} = {6AA1E49B-797E-437B-A91D-64687DAC8FFE}
		{66C0B7A4-5EC2-481F-9C35-1C6C1CA43E87} = {6AA1E49B-797E-437B-A91D-64687DAC8FFE}
		{C7382BB5-952B-4AB2-AE77-76AE00872B32} = {62B6815D-69F0-44A9-8B10-C394EBE88DEF}
		{E823C1D2-1737-4A3A-BC34-E79C1F46F847} = {FE90790A-FCBB-41C6-8636-9AAA9F228481}
		{F9CF20BB-FF6E-4378-90BA-3B7598276F91} = {EA6218FF-CEC5-46AB-8DF1-2AA55CDD7CF0}
		{E75457AB-22E9-43A5-902D-7CAE14EAE323} = {EA6218FF-CEC5-46AB-8DF1-2AA55CDD7CF0}
		{1520A983-11CB-4469-9360-F05A19C0FB99} = {EA6218FF-CEC5-46AB-8DF1-2AA55CDD7CF0}
		{13CEA70D-5A0A-4002-8A8A-5803EBB43423} = {7FDDCF68-305D-4197-9C24-F642E3CFE5F7}
		{9370B14C-4982-46EC-AD7C-75669F5C8049} = {7FDDCF68-305D-4197-9C24-F642E3CFE5F7}
		{EA6218FF-CEC5-46AB-8DF1-2AA55CDD7CF0} = {9E51A7BA-5031-4175-9F63-FB877933639E}
		{76DE5D6C-A13C-4332-A4E1-7B4BCFFCD8D1} = {9E51A7BA-5031-4175-9F63-FB877933639E}
		{983CB525-5FA2-47DC-991D-824257926202} = {76DE5D6C-A13C-4332-A4E1-7B4BCFFCD8D1}
		{8A0E67E2-0E20-4A9E-9070-F14C5712C221} = {76DE5D6C-A13C-4332-A4E1-7B4BCFFCD8D1}
		{6EA411AD-DBCD-43C5-A43E-EB8CE27C6B21} = {76DE5D6C-A13C-4332-A4E1-7B4BCFFCD8D1}
		{7AAF6C68-F1C9-4ABA-9FE9-42A7DC655CBF} = {6AA1E49B-797E-437B-A91D-64687DAC8FFE}
	EndGlobalSection
	GlobalSection(ExtensibilityGlobals) = postSolution
		SolutionGuid = {0ADAADD0-6C5E-4A2E-B3D7-31E73EDE4A3A}
	EndGlobalSection
EndGlobal
